{
  "name": "ts-link",
  "version": "1.0.0",
  "lockfileVersion": 2,
  "requires": true,
  "packages": {
    "": {
      "name": "ts-link",
      "version": "1.0.0",
      "license": "MIT"
    },
    "../ts-program": {
      "name": "parse-query",
      "version": "1.0.0",
      "extraneous": true,
      "license": "MIT",
      "dependencies": {
        "typescript": "^4.6.2"
      },
      "devDependencies": {
        "rollup": "^2.70.1",
        "rollup-plugin-typescript2": "^0.31.2"
      }
    }
  }
}
